
Microsoft Visual Studio Solution File, Format Version 11.00
# Visual Studio 2010 Express for Windows Phone
Project("{FAE04EC0-301F-11D3-BF4B-00C04F79EFBC}") = "TicTacToe", "TicTacToe\TicTacToe\TicTacToe.csproj", "{57EE8340-B0DA-49AB-9BDD-F95BFE02A3C6}"
EndProject
Project("{96E2B04D-8817-42C6-938A-82C39BA4D311}") = "TicTacToeContent", "TicTacToe\TicTacToeContent\TicTacToeContent.contentproj", "{101D4387-2A03-4EE7-B9A6-CCED5CA795F1}"
EndProject
Global
	GlobalSection(SolutionConfigurationPlatforms) = preSolution
		Debug|Windows Phone = Debug|Windows Phone
		Release|Windows Phone = Release|Windows Phone
	EndGlobalSection
	GlobalSection(ProjectConfigurationPlatforms) = postSolution
		{57EE8340-B0DA-49AB-9BDD-F95BFE02A3C6}.Debug|Windows Phone.ActiveCfg = Debug|Windows Phone
		{57EE8340-B0DA-49AB-9BDD-F95BFE02A3C6}.Debug|Windows Phone.Build.0 = Debug|Windows Phone
		{57EE8340-B0DA-49AB-9BDD-F95BFE02A3C6}.Debug|Windows Phone.Deploy.0 = Debug|Windows Phone
		{57EE8340-B0DA-49AB-9BDD-F95BFE02A3C6}.Release|Windows Phone.ActiveCfg = Release|Windows Phone
		{57EE8340-B0DA-49AB-9BDD-F95BFE02A3C6}.Release|Windows Phone.Build.0 = Release|Windows Phone
		{57EE8340-B0DA-49AB-9BDD-F95BFE02A3C6}.Release|Windows Phone.Deploy.0 = Release|Windows Phone
		{101D4387-2A03-4EE7-B9A6-CCED5CA795F1}.Debug|Windows Phone.ActiveCfg = Debug|Windows Phone
		{101D4387-2A03-4EE7-B9A6-CCED5CA795F1}.Release|Windows Phone.ActiveCfg = Release|Windows Phone
	EndGlobalSection
	GlobalSection(SolutionProperties) = preSolution
		HideSolutionNode = FALSE
	EndGlobalSection
EndGlobal
